{
  "name": "os-weave",
  "version": "0.1.0",
  "lockfileVersion": 3,
  "requires": true,
  "packages": {
    "": {
      "name": "os-weave",
      "version": "0.1.0",
      "license": "MIT",
      "dependencies": {
        "box-and-box": "^0.10.0"
      }
    },
    "node_modules/box-and-box": {
      "version": "0.10.0",
      "resolved": "https://registry.npmjs.org/box-and-box/-/box-and-box-0.10.0.tgz",
      "integrity": "sha512-bc9XCEjKHkVVnxM3p3zGMRm1VJUWz3YrGaCCk/VpVYJ5QWMUY5B2NZOsCGwIZZ0Af48dHVmxHon1gQ0kNh1Svg==",
      "license": "MIT",
      "bin": {
        "arith": "bin/arith.mjs",
        "box-and-box": "bin/arith.mjs"
      },
      "engines": {
        "node": ">=18"
      }
    }
  }
}
